
Microsoft Visual Studio Solution File, Format Version 12.00
# Visual Studio Version 17
VisualStudioVersion = 17.12.35527.113 d17.12
MinimumVisualStudioVersion = 10.0.40219.1
Project("{FAE04EC0-301F-11D3-BF4B-00C04F79EFBC}") = "Calculator", "Calculator.csproj", "{6290D635-0EAD-482A-90BE-6E0D9ED3B389}"
EndProject
Project("{FAE04EC0-301F-11D3-BF4B-00C04F79EFBC}") = "Calculator_T", "..\Calculator_T\Calculator_T.csproj", "{7285E116-99D6-4320-BEDF-120FD2BBC8C7}"
EndProject
Global
	GlobalSection(SolutionConfigurationPlatforms) = preSolution
		Debug|Any CPU = Debug|Any CPU
		Release|Any CPU = Release|Any CPU
	EndGlobalSection
	GlobalSection(ProjectConfigurationPlatforms) = postSolution
		{6290D635-0EAD-482A-90BE-6E0D9ED3B389}.Debug|Any CPU.ActiveCfg = Debug|Any CPU
		{6290D635-0EAD-482A-90BE-6E0D9ED3B389}.Debug|Any CPU.Build.0 = Debug|Any CPU
		{6290D635-0EAD-482A-90BE-6E0D9ED3B389}.Release|Any CPU.ActiveCfg = Release|Any CPU
		{6290D635-0EAD-482A-90BE-6E0D9ED3B389}.Release|Any CPU.Build.0 = Release|Any CPU
		{7285E116-99D6-4320-BEDF-120FD2BBC8C7}.Debug|Any CPU.ActiveCfg = Debug|Any CPU
		{7285E116-99D6-4320-BEDF-120FD2BBC8C7}.Debug|Any CPU.Build.0 = Debug|Any CPU
		{7285E116-99D6-4320-BEDF-120FD2BBC8C7}.Release|Any CPU.ActiveCfg = Release|Any CPU
		{7285E116-99D6-4320-BEDF-120FD2BBC8C7}.Release|Any CPU.Build.0 = Release|Any CPU
	EndGlobalSection
	GlobalSection(SolutionProperties) = preSolution
		HideSolutionNode = FALSE
	EndGlobalSection
EndGlobal
